dependencies:
  chmorgan/esp-libhelix-mp3:
    component_hash: ca99ff0f06ee32bfa1eceec476e40345ddc13fad82f6b6221a4b4a6bbcb9a42f
    dependencies:
    - name: idf
      version: '>=4.1.0'
    source:
      git: https://github.com/chmorgan/esp-libhelix-mp3.git
      path: .
      type: git
    version: 585d7a6b40b5765f67cce47218639ff682c075e5
  espressif/button:
    component_hash: 30a3f495c3862d505ce6e41adbbd218b2750e9723ab2151feff00e9fe685b326
    dependencies:
    - name: espressif/cmake_utilities
      registry_url: https://components.espressif.com
      require: private
      version: 0.*
    - name: idf
      require: private
      version: '>=4.0'
    source:
      registry_url: https://components.espressif.com/
      type: service
    version: 3.5.0
  espressif/cmake_utilities:
    component_hash: 351350613ceafba240b761b4ea991e0f231ac7a9f59a9ee901f751bddc0bb18f
    dependencies:
    - name: idf
      require: private
      version: '>=4.1'
    source:
      registry_url: https://components.espressif.com
      type: service
    version: 0.5.3
  idf:
    source:
      type: idf
    version: 5.5.1
direct_dependencies:
- chmorgan/esp-libhelix-mp3
- espressif/button
manifest_hash: f91718c240050959f65d2eb3c1405dc72983526fda9f6d88ce2448e295b3d499
target: esp32s3
version: 2.0.0
